// !$*UTF8*$!
{
	archiveVersion = 1;
	classes = {
	};
	objectVersion = 50;
	objects = {

/* Begin PBXBuildFile section */
		E49C261420B5ECF8006530A7 /* AppDelegate.swift in Sources */ = {isa = PBXBuildFile; fileRef = E49C261320B5ECF8006530A7 /* AppDelegate.swift */; };
		E49C261920B5ECF8006530A7 /* Main.storyboard in Resources */ = {isa = PBXBuildFile; fileRef = E49C261720B5ECF8006530A7 /* Main.storyboard */; };
		E49C261B20B5ECF9006530A7 /* Assets.xcassets in Resources */ = {isa = PBXBuildFile; fileRef = E49C261A20B5ECF9006530A7 /* Assets.xcassets */; };
		E49C261E20B5ECF9006530A7 /* LaunchScreen.storyboard in Resources */ = {isa = PBXBuildFile; fileRef = E49C261C20B5ECF9006530A7 /* LaunchScreen.storyboard */; };
		E49C262E20B5FC66006530A7 /* CoreDataStack.swift in Sources */ = {isa = PBXBuildFile; fileRef = E49C262D20B5FC66006530A7 /* CoreDataStack.swift */; };
		E49C263120B5FC83006530A7 /* RavenCoreData.xcdatamodeld in Sources */ = {isa = PBXBuildFile; fileRef = E49C262F20B5FC83006530A7 /* RavenCoreData.xcdatamodeld */; };
		E49C263320B5FD66006530A7 /* Passage+Convenience.swift in Sources */ = {isa = PBXBuildFile; fileRef = E49C263220B5FD66006530A7 /* Passage+Convenience.swift */; };
		E49C263520B5FDC2006530A7 /* SmartString.swift in Sources */ = {isa = PBXBuildFile; fileRef = E49C263420B5FDC2006530A7 /* SmartString.swift */; };
		E49C263720B5FDF6006530A7 /* PassageController.swift in Sources */ = {isa = PBXBuildFile; fileRef = E49C263620B5FDF6006530A7 /* PassageController.swift */; };
		E49C263920B5FE37006530A7 /* SmartStringBuilder.swift in Sources */ = {isa = PBXBuildFile; fileRef = E49C263820B5FE37006530A7 /* SmartStringBuilder.swift */; };
		E49C263B20B5FE55006530A7 /* DateHelper.swift in Sources */ = {isa = PBXBuildFile; fileRef = E49C263A20B5FE55006530A7 /* DateHelper.swift */; };
		E49C263D20B5FE62006530A7 /* BlankCreator.swift in Sources */ = {isa = PBXBuildFile; fileRef = E49C263C20B5FE62006530A7 /* BlankCreator.swift */; };
		E49C263F20B5FED5006530A7 /* PracticeCollectionViewCell.swift in Sources */ = {isa = PBXBuildFile; fileRef = E49C263E20B5FED5006530A7 /* PracticeCollectionViewCell.swift */; };
		E49C264120B5FF0F006530A7 /* PassageTableViewCell.swift in Sources */ = {isa = PBXBuildFile; fileRef = E49C264020B5FF0F006530A7 /* PassageTableViewCell.swift */; };
		E49C264320B5FF98006530A7 /* AddViewController.swift in Sources */ = {isa = PBXBuildFile; fileRef = E49C264220B5FF98006530A7 /* AddViewController.swift */; };
		E49C264520B65C8D006530A7 /* KeyboardHelper.swift in Sources */ = {isa = PBXBuildFile; fileRef = E49C264420B65C8D006530A7 /* KeyboardHelper.swift */; };
		E4B76FBE20CE92440096D82C /* PracticeViewController.swift in Sources */ = {isa = PBXBuildFile; fileRef = E4B76FBD20CE92440096D82C /* PracticeViewController.swift */; };
		E4B76FC020CEA3D00096D82C /* PassageListTableViewController.swift in Sources */ = {isa = PBXBuildFile; fileRef = E4B76FBF20CEA3D00096D82C /* PassageListTableViewController.swift */; };
/* End PBXBuildFile section */

/* Begin PBXFileReference section */
		E49C261020B5ECF8006530A7 /* Raven.app */ = {isa = PBXFileReference; explicitFileType = wrapper.application; includeInIndex = 0; path = Raven.app; sourceTree = BUILT_PRODUCTS_DIR; };
		E49C261320B5ECF8006530A7 /* AppDelegate.swift */ = {isa = PBXFileReference; lastKnownFileType = sourcecode.swift; path = AppDelegate.swift; sourceTree = "<group>"; };
		E49C261820B5ECF8006530A7 /* Base */ = {isa = PBXFileReference; lastKnownFileType = file.storyboard; name = Base; path = Base.lproj/Main.storyboard; sourceTree = "<group>"; };
		E49C261A20B5ECF9006530A7 /* Assets.xcassets */ = {isa = PBXFileReference; lastKnownFileType = folder.assetcatalog; path = Assets.xcassets; sourceTree = "<group>"; };
		E49C261D20B5ECF9006530A7 /* Base */ = {isa = PBXFileReference; lastKnownFileType = file.storyboard; name = Base; path = Base.lproj/LaunchScreen.storyboard; sourceTree = "<group>"; };
		E49C261F20B5ECF9006530A7 /* Info.plist */ = {isa = PBXFileReference; lastKnownFileType = text.plist.xml; path = Info.plist; sourceTree = "<group>"; };
		E49C262D20B5FC66006530A7 /* CoreDataStack.swift */ = {isa = PBXFileReference; lastKnownFileType = sourcecode.swift; path = CoreDataStack.swift; sourceTree = "<group>"; };
		E49C263020B5FC83006530A7 /* RavenCoreData.xcdatamodel */ = {isa = PBXFileReference; lastKnownFileType = wrapper.xcdatamodel; path = RavenCoreData.xcdatamodel; sourceTree = "<group>"; };
		E49C263220B5FD66006530A7 /* Passage+Convenience.swift */ = {isa = PBXFileReference; lastKnownFileType = sourcecode.swift; path = "Passage+Convenience.swift"; sourceTree = "<group>"; };
		E49C263420B5FDC2006530A7 /* SmartString.swift */ = {isa = PBXFileReference; lastKnownFileType = sourcecode.swift; path = SmartString.swift; sourceTree = "<group>"; };
		E49C263620B5FDF6006530A7 /* PassageController.swift */ = {isa = PBXFileReference; lastKnownFileType = sourcecode.swift; path = PassageController.swift; sourceTree = "<group>"; };
		E49C263820B5FE37006530A7 /* SmartStringBuilder.swift */ = {isa = PBXFileReference; lastKnownFileType = sourcecode.swift; path = SmartStringBuilder.swift; sourceTree = "<group>"; };
		E49C263A20B5FE55006530A7 /* DateHelper.swift */ = {isa = PBXFileReference; lastKnownFileType = sourcecode.swift; path = DateHelper.swift; sourceTree = "<group>"; };
		E49C263C20B5FE62006530A7 /* BlankCreator.swift */ = {isa = PBXFileReference; lastKnownFileType = sourcecode.swift; path = BlankCreator.swift; sourceTree = "<group>"; };
		E49C263E20B5FED5006530A7 /* PracticeCollectionViewCell.swift */ = {isa = PBXFileReference; lastKnownFileType = sourcecode.swift; path = PracticeCollectionViewCell.swift; sourceTree = "<group>"; };
		E49C264020B5FF0F006530A7 /* PassageTableViewCell.swift */ = {isa = PBXFileReference; lastKnownFileType = sourcecode.swift; path = PassageTableViewCell.swift; sourceTree = "<group>"; };
		E49C264220B5FF98006530A7 /* AddViewController.swift */ = {isa = PBXFileReference; lastKnownFileType = sourcecode.swift; path = AddViewController.swift; sourceTree = "<group>"; };
		E49C264420B65C8D006530A7 /* KeyboardHelper.swift */ = {isa = PBXFileReference; lastKnownFileType = sourcecode.swift; path = KeyboardHelper.swift; sourceTree = "<group>"; };
		E4B76FBD20CE92440096D82C /* PracticeViewController.swift */ = {isa = PBXFileReference; lastKnownFileType = sourcecode.swift; path = PracticeViewController.swift; sourceTree = "<group>"; };
		E4B76FBF20CEA3D00096D82C /* PassageListTableViewController.swift */ = {isa = PBXFileReference; lastKnownFileType = sourcecode.swift; path = PassageListTableViewController.swift; sourceTree = "<group>"; };
/* End PBXFileReference section */

/* Begin PBXFrameworksBuildPhase section */
		E49C260D20B5ECF8006530A7 /* Frameworks */ = {
			isa = PBXFrameworksBuildPhase;
			buildActionMask = 2147483647;
			files = (
			);
			runOnlyForDeploymentPostprocessing = 0;
		};
/* End PBXFrameworksBuildPhase section */

/* Begin PBXGroup section */
		E49C260720B5ECF7006530A7 = {
			isa = PBXGroup;
			children = (
				E49C261220B5ECF8006530A7 /* Raven */,
				E49C261120B5ECF8006530A7 /* Products */,
			);
			sourceTree = "<group>";
		};
		E49C261120B5ECF8006530A7 /* Products */ = {
			isa = PBXGroup;
			children = (
				E49C261020B5ECF8006530A7 /* Raven.app */,
			);
			name = Products;
			sourceTree = "<group>";
		};
		E49C261220B5ECF8006530A7 /* Raven */ = {
			isa = PBXGroup;
			children = (
				E49C261320B5ECF8006530A7 /* AppDelegate.swift */,
				E49C262520B5FBAE006530A7 /* CoreData */,
				E49C262620B5FBBA006530A7 /* Models */,
				E49C262720B5FBD8006530A7 /* Model Controllers */,
				E49C262820B5FBE3006530A7 /* UI */,
				E49C262920B5FBEB006530A7 /* Views */,
				E49C262A20B5FBF1006530A7 /* View Controllers */,
				E49C262B20B5FBF9006530A7 /* Helpers */,
				E49C262C20B5FC00006530A7 /* Resources */,
			);
			path = Raven;
			sourceTree = "<group>";
		};
		E49C262520B5FBAE006530A7 /* CoreData */ = {
			isa = PBXGroup;
			children = (
				E49C262D20B5FC66006530A7 /* CoreDataStack.swift */,
				E49C262F20B5FC83006530A7 /* RavenCoreData.xcdatamodeld */,
			);
			path = CoreData;
			sourceTree = "<group>";
		};
		E49C262620B5FBBA006530A7 /* Models */ = {
			isa = PBXGroup;
			children = (
				E49C263220B5FD66006530A7 /* Passage+Convenience.swift */,
				E49C263420B5FDC2006530A7 /* SmartString.swift */,
			);
			path = Models;
			sourceTree = "<group>";
		};
		E49C262720B5FBD8006530A7 /* Model Controllers */ = {
			isa = PBXGroup;
			children = (
				E49C263620B5FDF6006530A7 /* PassageController.swift */,
			);
			path = "Model Controllers";
			sourceTree = "<group>";
		};
		E49C262820B5FBE3006530A7 /* UI */ = {
			isa = PBXGroup;
			children = (
				E49C261720B5ECF8006530A7 /* Main.storyboard */,
				E49C261C20B5ECF9006530A7 /* LaunchScreen.storyboard */,
			);
			path = UI;
			sourceTree = "<group>";
		};
		E49C262920B5FBEB006530A7 /* Views */ = {
			isa = PBXGroup;
			children = (
				E49C264020B5FF0F006530A7 /* PassageTableViewCell.swift */,
				E49C263E20B5FED5006530A7 /* PracticeCollectionViewCell.swift */,
			);
			path = Views;
			sourceTree = "<group>";
		};
		E49C262A20B5FBF1006530A7 /* View Controllers */ = {
			isa = PBXGroup;
			children = (
				E4B76FBF20CEA3D00096D82C /* PassageListTableViewController.swift */,
				E49C264220B5FF98006530A7 /* AddViewController.swift */,
				E4B76FBD20CE92440096D82C /* PracticeViewController.swift */,
			);
			path = "View Controllers";
			sourceTree = "<group>";
		};
		E49C262B20B5FBF9006530A7 /* Helpers */ = {
			isa = PBXGroup;
			children = (
				E49C263820B5FE37006530A7 /* SmartStringBuilder.swift */,
				E49C263A20B5FE55006530A7 /* DateHelper.swift */,
				E49C263C20B5FE62006530A7 /* BlankCreator.swift */,
				E49C264420B65C8D006530A7 /* KeyboardHelper.swift */,
			);
			path = Helpers;
			sourceTree = "<group>";
		};
		E49C262C20B5FC00006530A7 /* Resources */ = {
			isa = PBXGroup;
			children = (
				E49C261A20B5ECF9006530A7 /* Assets.xcassets */,
				E49C261F20B5ECF9006530A7 /* Info.plist */,
			);
			path = Resources;
			sourceTree = "<group>";
		};
/* End PBXGroup section */

/* Begin PBXNativeTarget section */
		E49C260F20B5ECF8006530A7 /* Raven */ = {
			isa = PBXNativeTarget;
			buildConfigurationList = E49C262220B5ECF9006530A7 /* Build configuration list for PBXNativeTarget "Raven" */;
			buildPhases = (
				E49C260C20B5ECF8006530A7 /* Sources */,
				E49C260D20B5ECF8006530A7 /* Frameworks */,
				E49C260E20B5ECF8006530A7 /* Resources */,
			);
			buildRules = (
			);
			dependencies = (
			);
			name = Raven;
			productName = Raven;
			productReference = E49C261020B5ECF8006530A7 /* Raven.app */;
			productType = "com.apple.product-type.application";
		};
/* End PBXNativeTarget section */

/* Begin PBXProject section */
		E49C260820B5ECF7006530A7 /* Project object */ = {
			isa = PBXProject;
			attributes = {
				LastSwiftUpdateCheck = 0930;
				LastUpgradeCheck = 0930;
				ORGANIZATIONNAME = "Brock Tyler";
				TargetAttributes = {
					E49C260F20B5ECF8006530A7 = {
						CreatedOnToolsVersion = 9.3.1;
					};
				};
			};
			buildConfigurationList = E49C260B20B5ECF7006530A7 /* Build configuration list for PBXProject "Raven" */;
			compatibilityVersion = "Xcode 9.3";
			developmentRegion = en;
			hasScannedForEncodings = 0;
			knownRegions = (
				en,
				Base,
			);
			mainGroup = E49C260720B5ECF7006530A7;
			productRefGroup = E49C261120B5ECF8006530A7 /* Products */;
			projectDirPath = "";
			projectRoot = "";
			targets = (
				E49C260F20B5ECF8006530A7 /* Raven */,
			);
		};
/* End PBXProject section */

/* Begin PBXResourcesBuildPhase section */
		E49C260E20B5ECF8006530A7 /* Resources */ = {
			isa = PBXResourcesBuildPhase;
			buildActionMask = 2147483647;
			files = (
				E49C261E20B5ECF9006530A7 /* LaunchScreen.storyboard in Resources */,
				E49C261B20B5ECF9006530A7 /* Assets.xcassets in Resources */,
				E49C261920B5ECF8006530A7 /* Main.storyboard in Resources */,
			);
			runOnlyForDeploymentPostprocessing = 0;
		};
/* End PBXResourcesBuildPhase section */

/* Begin PBXSourcesBuildPhase section */
		E49C260C20B5ECF8006530A7 /* Sources */ = {
			isa = PBXSourcesBuildPhase;
			buildActionMask = 2147483647;
			files = (
				E49C263920B5FE37006530A7 /* SmartStringBuilder.swift in Sources */,
				E4B76FC020CEA3D00096D82C /* PassageListTableViewController.swift in Sources */,
				E49C262E20B5FC66006530A7 /* CoreDataStack.swift in Sources */,
				E49C264520B65C8D006530A7 /* KeyboardHelper.swift in Sources */,
				E4B76FBE20CE92440096D82C /* PracticeViewController.swift in Sources */,
				E49C263720B5FDF6006530A7 /* PassageController.swift in Sources */,
				E49C263120B5FC83006530A7 /* RavenCoreData.xcdatamodeld in Sources */,
				E49C264120B5FF0F006530A7 /* PassageTableViewCell.swift in Sources */,
				E49C261420B5ECF8006530A7 /* AppDelegate.swift in Sources */,
				E49C263F20B5FED5006530A7 /* PracticeCollectionViewCell.swift in Sources */,
				E49C263B20B5FE55006530A7 /* DateHelper.swift in Sources */,
				E49C263520B5FDC2006530A7 /* SmartString.swift in Sources */,
				E49C263320B5FD66006530A7 /* Passage+Convenience.swift in Sources */,
				E49C264320B5FF98006530A7 /* AddViewController.swift in Sources */,
				E49C263D20B5FE62006530A7 /* BlankCreator.swift in Sources */,
			);
			runOnlyForDeploymentPostprocessing = 0;
		};
/* End PBXSourcesBuildPhase section */

/* Begin PBXVariantGroup section */
		E49C261720B5ECF8006530A7 /* Main.storyboard */ = {
			isa = PBXVariantGroup;
			children = (
				E49C261820B5ECF8006530A7 /* Base */,
			);
			name = Main.storyboard;
			sourceTree = "<group>";
		};
		E49C261C20B5ECF9006530A7 /* LaunchScreen.storyboard */ = {
			isa = PBXVariantGroup;
			children = (
				E49C261D20B5ECF9006530A7 /* Base */,
			);
			name = LaunchScreen.storyboard;
			sourceTree = "<group>";
		};
/* End PBXVariantGroup section */

/* Begin XCBuildConfiguration section */
		E49C262020B5ECF9006530A7 /* Debug */ = {
			isa = XCBuildConfiguration;
			buildSettings = {
				ALWAYS_SEARCH_USER_PATHS = NO;
				CLANG_ANALYZER_NONNULL = YES;
				CLANG_ANALYZER_NUMBER_OBJECT_CONVERSION = YES_AGGRESSIVE;
				CLANG_CXX_LANGUAGE_STANDARD = "gnu++14";
				CLANG_CXX_LIBRARY = "libc++";
				CLANG_ENABLE_MODULES = YES;
				CLANG_ENABLE_OBJC_ARC = YES;
				CLANG_ENABLE_OBJC_WEAK = YES;
				CLANG_WARN_BLOCK_CAPTURE_AUTORELEASING = YES;
				CLANG_WARN_BOOL_CONVERSION = YES;
				CLANG_WARN_COMMA = YES;
				CLANG_WARN_CONSTANT_CONVERSION = YES;
				CLANG_WARN_DEPRECATED_OBJC_IMPLEMENTATIONS = YES;
				CLANG_WARN_DIRECT_OBJC_ISA_USAGE = YES_ERROR;
				CLANG_WARN_DOCUMENTATION_COMMENTS = YES;
				CLANG_WARN_EMPTY_BODY = YES;
				CLANG_WARN_ENUM_CONVERSION = YES;
				CLANG_WARN_INFINITE_RECURSION = YES;
				CLANG_WARN_INT_CONVERSION = YES;
				CLANG_WARN_NON_LITERAL_NULL_CONVERSION = YES;
				CLANG_WARN_OBJC_IMPLICIT_RETAIN_SELF = YES;
				CLANG_WARN_OBJC_LITERAL_CONVERSION = YES;
				CLANG_WARN_OBJC_ROOT_CLASS = YES_ERROR;
				CLANG_WARN_RANGE_LOOP_ANALYSIS = YES;
				CLANG_WARN_STRICT_PROTOTYPES = YES;
				CLANG_WARN_SUSPICIOUS_MOVE = YES;
				CLANG_WARN_UNGUARDED_AVAILABILITY = YES_AGGRESSIVE;
				CLANG_WARN_UNREACHABLE_CODE = YES;
				CLANG_WARN__DUPLICATE_METHOD_MATCH = YES;
				CODE_SIGN_IDENTITY = "iPhone Developer";
				COPY_PHASE_STRIP = NO;
				DEBUG_INFORMATION_FORMAT = dwarf;
				ENABLE_STRICT_OBJC_MSGSEND = YES;
				ENABLE_TESTABILITY = YES;
				GCC_C_LANGUAGE_STANDARD = gnu11;
				GCC_DYNAMIC_NO_PIC = NO;
				GCC_NO_COMMON_BLOCKS = YES;
				GCC_OPTIMIZATION_LEVEL = 0;
				GCC_PREPROCESSOR_DEFINITIONS = (
					"DEBUG=1",
					"$(inherited)",
				);
				GCC_WARN_64_TO_32_BIT_CONVERSION = YES;
				GCC_WARN_ABOUT_RETURN_TYPE = YES_ERROR;
				GCC_WARN_UNDECLARED_SELECTOR = YES;
				GCC_WARN_UNINITIALIZED_AUTOS = YES_AGGRESSIVE;
				GCC_WARN_UNUSED_FUNCTION = YES;
				GCC_WARN_UNUSED_VARIABLE = YES;
				IPHONEOS_DEPLOYMENT_TARGET = 11.3;
				MTL_ENABLE_DEBUG_INFO = YES;
				ONLY_ACTIVE_ARCH = YES;
				SDKROOT = iphoneos;
				SWIFT_ACTIVE_COMPILATION_CONDITIONS = DEBUG;
				SWIFT_OPTIMIZATION_LEVEL = "-Onone";
			};
			name = Debug;
		};
		E49C262120B5ECF9006530A7 /* Release */ = {
			isa = XCBuildConfiguration;
			buildSettings = {
				ALWAYS_SEARCH_USER_PATHS = NO;
				CLANG_ANALYZER_NONNULL = YES;
				CLANG_ANALYZER_NUMBER_OBJECT_CONVERSION = YES_AGGRESSIVE;
				CLANG_CXX_LANGUAGE_STANDARD = "gnu++14";
				CLANG_CXX_LIBRARY = "libc++";
				CLANG_ENABLE_MODULES = YES;
				CLANG_ENABLE_OBJC_ARC = YES;
				CLANG_ENABLE_OBJC_WEAK = YES;
				CLANG_WARN_BLOCK_CAPTURE_AUTORELEASING = YES;
				CLANG_WARN_BOOL_CONVERSION = YES;
				CLANG_WARN_COMMA = YES;
				CLANG_WARN_CONSTANT_CONVERSION = YES;
				CLANG_WARN_DEPRECATED_OBJC_IMPLEMENTATIONS = YES;
				CLANG_WARN_DIRECT_OBJC_ISA_USAGE = YES_ERROR;
				CLANG_WARN_DOCUMENTATION_COMMENTS = YES;
				CLANG_WARN_EMPTY_BODY = YES;
				CLANG_WARN_ENUM_CONVERSION = YES;
				CLANG_WARN_INFINITE_RECURSION = YES;
				CLANG_WARN_INT_CONVERSION = YES;
				CLANG_WARN_NON_LITERAL_NULL_CONVERSION = YES;
				CLANG_WARN_OBJC_IMPLICIT_RETAIN_SELF = YES;
				CLANG_WARN_OBJC_LITERAL_CONVERSION = YES;
				CLANG_WARN_OBJC_ROOT_CLASS = YES_ERROR;
				CLANG_WARN_RANGE_LOOP_ANALYSIS = YES;
				CLANG_WARN_STRICT_PROTOTYPES = YES;
				CLANG_WARN_SUSPICIOUS_MOVE = YES;
				CLANG_WARN_UNGUARDED_AVAILABILITY = YES_AGGRESSIVE;
				CLANG_WARN_UNREACHABLE_CODE = YES;
				CLANG_WARN__DUPLICATE_METHOD_MATCH = YES;
				CODE_SIGN_IDENTITY = "iPhone Developer";
				COPY_PHASE_STRIP = NO;
				DEBUG_INFORMATION_FORMAT = "dwarf-with-dsym";
				ENABLE_NS_ASSERTIONS = NO;
				ENABLE_STRICT_OBJC_MSGSEND = YES;
				GCC_C_LANGUAGE_STANDARD = gnu11;
				GCC_NO_COMMON_BLOCKS = YES;
				GCC_WARN_64_TO_32_BIT_CONVERSION = YES;
				GCC_WARN_ABOUT_RETURN_TYPE = YES_ERROR;
				GCC_WARN_UNDECLARED_SELECTOR = YES;
				GCC_WARN_UNINITIALIZED_AUTOS = YES_AGGRESSIVE;
				GCC_WARN_UNUSED_FUNCTION = YES;
				GCC_WARN_UNUSED_VARIABLE = YES;
				IPHONEOS_DEPLOYMENT_TARGET = 11.3;
				MTL_ENABLE_DEBUG_INFO = NO;
				SDKROOT = iphoneos;
				SWIFT_COMPILATION_MODE = wholemodule;
				SWIFT_OPTIMIZATION_LEVEL = "-O";
				VALIDATE_PRODUCT = YES;
			};
			name = Release;
		};
		E49C262320B5ECF9006530A7 /* Debug */ = {
			isa = XCBuildConfiguration;
			buildSettings = {
				ASSETCATALOG_COMPILER_APPICON_NAME = AppIcon;
				CODE_SIGN_STYLE = Automatic;
				DEVELOPMENT_TEAM = CJKY4ZP9T7;
				INFOPLIST_FILE = "$(SRCROOT)/Raven/Resources/Info.plist";
				LD_RUNPATH_SEARCH_PATHS = (
					"$(inherited)",
					"@executable_path/Frameworks",
				);
				PRODUCT_BUNDLE_IDENTIFIER = com.brocktyler.raven;
				PRODUCT_NAME = "$(TARGET_NAME)";
				SWIFT_VERSION = 4.0;
				TARGETED_DEVICE_FAMILY = "1,2";
			};
			name = Debug;
		};
		E49C262420B5ECF9006530A7 /* Release */ = {
			isa = XCBuildConfiguration;
			buildSettings = {
				ASSETCATALOG_COMPILER_APPICON_NAME = AppIcon;
				CODE_SIGN_STYLE = Automatic;
				DEVELOPMENT_TEAM = CJKY4ZP9T7;
				INFOPLIST_FILE = "$(SRCROOT)/Raven/Resources/Info.plist";
				LD_RUNPATH_SEARCH_PATHS = (
					"$(inherited)",
					"@executable_path/Frameworks",
				);
				PRODUCT_BUNDLE_IDENTIFIER = com.brocktyler.raven;
				PRODUCT_NAME = "$(TARGET_NAME)";
				SWIFT_VERSION = 4.0;
				TARGETED_DEVICE_FAMILY = "1,2";
			};
			name = Release;
		};
/* End XCBuildConfiguration section */

/* Begin XCConfigurationList section */
		E49C260B20B5ECF7006530A7 /* Build configuration list for PBXProject "Raven" */ = {
			isa = XCConfigurationList;
			buildConfigurations = (
				E49C262020B5ECF9006530A7 /* Debug */,
				E49C262120B5ECF9006530A7 /* Release */,
			);
			defaultConfigurationIsVisible = 0;
			defaultConfigurationName = Release;
		};
		E49C262220B5ECF9006530A7 /* Build configuration list for PBXNativeTarget "Raven" */ = {
			isa = XCConfigurationList;
			buildConfigurations = (
				E49C262320B5ECF9006530A7 /* Debug */,
				E49C262420B5ECF9006530A7 /* Release */,
			);
			defaultConfigurationIsVisible = 0;
			defaultConfigurationName = Release;
		};
/* End XCConfigurationList section */

/* Begin XCVersionGroup section */
		E49C262F20B5FC83006530A7 /* RavenCoreData.xcdatamodeld */ = {
			isa = XCVersionGroup;
			children = (
				E49C263020B5FC83006530A7 /* RavenCoreData.xcdatamodel */,
			);
			currentVersion = E49C263020B5FC83006530A7 /* RavenCoreData.xcdatamodel */;
			path = RavenCoreData.xcdatamodeld;
			sourceTree = "<group>";
			versionGroupType = wrapper.xcdatamodel;
		};
/* End XCVersionGroup section */
	};
	rootObject = E49C260820B5ECF7006530A7 /* Project object */;
}
